// !$*UTF8*$!
{
	archiveVersion = 1;
	classes = {
	};
	objectVersion = 46;
	objects = {

/* Begin PBXBuildFile section */
		2503CAF11BC2631C001B167B /* UXKit.framework in Frameworks */ = {isa = PBXBuildFile; fileRef = 2503CAF01BC2631C001B167B /* UXKit.framework */; };
		2503CAF21BC26886001B167B /* UXKit.framework in Frameworks */ = {isa = PBXBuildFile; fileRef = 2503CAF01BC2631C001B167B /* UXKit.framework */; };
		2503CAF31BC26886001B167B /* UXKit.framework in CopyFiles */ = {isa = PBXBuildFile; fileRef = 2503CAF01BC2631C001B167B /* UXKit.framework */; settings = {ATTRIBUTES = (CodeSignOnCopy, RemoveHeadersOnCopy, ); }; };
		2533A7B31BC1D2050068A927 /* StickyHeaderFlowLayout.m in Sources */ = {isa = PBXBuildFile; fileRef = 2533A7B21BC1D2050068A927 /* StickyHeaderFlowLayout.m */; };
		2533A7BC1BC1D7410068A927 /* NSFont+FromData.m in Sources */ = {isa = PBXBuildFile; fileRef = 2533A7BB1BC1D7410068A927 /* NSFont+FromData.m */; };
		2533A7C01BC1DA290068A927 /* NSTextField+Antialiasing.m in Sources */ = {isa = PBXBuildFile; fileRef = 2533A7BF1BC1DA290068A927 /* NSTextField+Antialiasing.m */; };
		2533A7C31BC1DBE90068A927 /* IconTitleCell.m in Sources */ = {isa = PBXBuildFile; fileRef = 2533A7C21BC1DBE90068A927 /* IconTitleCell.m */; };
		2533A7C61BC1DC3F0068A927 /* TitleHeader.m in Sources */ = {isa = PBXBuildFile; fileRef = 2533A7C51BC1DC3F0068A927 /* TitleHeader.m */; };
		256ED3ED1BC309AF004A793B /* ABFloatingTabs.m in Sources */ = {isa = PBXBuildFile; fileRef = 256ED3EC1BC309AF004A793B /* ABFloatingTabs.m */; };
		2EA6BEF51A8445E300C4C122 /* ABMainViewController.m in Sources */ = {isa = PBXBuildFile; fileRef = 2EA6BEF31A8445E300C4C122 /* ABMainViewController.m */; };
		2EF7B67C1A8442BB00011200 /* AppDelegate.m in Sources */ = {isa = PBXBuildFile; fileRef = 2EF7B67B1A8442BB00011200 /* AppDelegate.m */; };
		2EF7B67E1A8442BB00011200 /* main.m in Sources */ = {isa = PBXBuildFile; fileRef = 2EF7B67D1A8442BB00011200 /* main.m */; };
		2EF7B6801A8442BB00011200 /* Images.xcassets in Resources */ = {isa = PBXBuildFile; fileRef = 2EF7B67F1A8442BB00011200 /* Images.xcassets */; };
		2EF7B6831A8442BB00011200 /* MainMenu.xib in Resources */ = {isa = PBXBuildFile; fileRef = 2EF7B6811A8442BB00011200 /* MainMenu.xib */; };
		D706C730CF8608585DFD3303 /* libPods-UXMaterial.a in Frameworks */ = {isa = PBXBuildFile; fileRef = 42A5FB1EEFC6EA8081CBB0A8 /* libPods-UXMaterial.a */; };
/* End PBXBuildFile section */

/* Begin PBXCopyFilesBuildPhase section */
		40B5CD6A1A850442000B4448 /* CopyFiles */ = {
			isa = PBXCopyFilesBuildPhase;
			buildActionMask = 2147483647;
			dstPath = "";
			dstSubfolderSpec = 10;
			files = (
				2503CAF31BC26886001B167B /* UXKit.framework in CopyFiles */,
			);
			runOnlyForDeploymentPostprocessing = 0;
		};
/* End PBXCopyFilesBuildPhase section */

/* Begin PBXFileReference section */
		2503CAF01BC2631C001B167B /* UXKit.framework */ = {isa = PBXFileReference; lastKnownFileType = wrapper.framework; path = UXKit.framework; sourceTree = "<group>"; };
		2533A7B11BC1D2050068A927 /* StickyHeaderFlowLayout.h */ = {isa = PBXFileReference; fileEncoding = 4; lastKnownFileType = sourcecode.c.h; path = StickyHeaderFlowLayout.h; sourceTree = "<group>"; };
		2533A7B21BC1D2050068A927 /* StickyHeaderFlowLayout.m */ = {isa = PBXFileReference; fileEncoding = 4; lastKnownFileType = sourcecode.c.objc; path = StickyHeaderFlowLayout.m; sourceTree = "<group>"; };
		2533A7BA1BC1D7410068A927 /* NSFont+FromData.h */ = {isa = PBXFileReference; fileEncoding = 4; lastKnownFileType = sourcecode.c.h; path = "NSFont+FromData.h"; sourceTree = "<group>"; };
		2533A7BB1BC1D7410068A927 /* NSFont+FromData.m */ = {isa = PBXFileReference; fileEncoding = 4; lastKnownFileType = sourcecode.c.objc; path = "NSFont+FromData.m"; sourceTree = "<group>"; };
		2533A7BE1BC1DA290068A927 /* NSTextField+Antialiasing.h */ = {isa = PBXFileReference; fileEncoding = 4; lastKnownFileType = sourcecode.c.h; path = "NSTextField+Antialiasing.h"; sourceTree = "<group>"; };
		2533A7BF1BC1DA290068A927 /* NSTextField+Antialiasing.m */ = {isa = PBXFileReference; fileEncoding = 4; lastKnownFileType = sourcecode.c.objc; path = "NSTextField+Antialiasing.m"; sourceTree = "<group>"; };
		2533A7C11BC1DBE90068A927 /* IconTitleCell.h */ = {isa = PBXFileReference; fileEncoding = 4; lastKnownFileType = sourcecode.c.h; path = IconTitleCell.h; sourceTree = "<group>"; };
		2533A7C21BC1DBE90068A927 /* IconTitleCell.m */ = {isa = PBXFileReference; fileEncoding = 4; lastKnownFileType = sourcecode.c.objc; path = IconTitleCell.m; sourceTree = "<group>"; };
		2533A7C41BC1DC3F0068A927 /* TitleHeader.h */ = {isa = PBXFileReference; fileEncoding = 4; lastKnownFileType = sourcecode.c.h; path = TitleHeader.h; sourceTree = "<group>"; };
		2533A7C51BC1DC3F0068A927 /* TitleHeader.m */ = {isa = PBXFileReference; fileEncoding = 4; lastKnownFileType = sourcecode.c.objc; path = TitleHeader.m; sourceTree = "<group>"; };
		256ED3EB1BC309AF004A793B /* ABFloatingTabs.h */ = {isa = PBXFileReference; fileEncoding = 4; lastKnownFileType = sourcecode.c.h; path = ABFloatingTabs.h; sourceTree = "<group>"; };
		256ED3EC1BC309AF004A793B /* ABFloatingTabs.m */ = {isa = PBXFileReference; fileEncoding = 4; lastKnownFileType = sourcecode.c.objc; path = ABFloatingTabs.m; sourceTree = "<group>"; };
		2EA6BEF11A84454900C4C122 /* Sample-Shared.pch */ = {isa = PBXFileReference; lastKnownFileType = sourcecode.c.h; path = "Sample-Shared.pch"; sourceTree = "<group>"; };
		2EA6BEF21A8445E300C4C122 /* ABMainViewController.h */ = {isa = PBXFileReference; fileEncoding = 4; lastKnownFileType = sourcecode.c.h; path = ABMainViewController.h; sourceTree = "<group>"; };
		2EA6BEF31A8445E300C4C122 /* ABMainViewController.m */ = {isa = PBXFileReference; fileEncoding = 4; lastKnownFileType = sourcecode.c.objc; path = ABMainViewController.m; sourceTree = "<group>"; };
		2EF7B6751A8442BB00011200 /* UXMaterial.app */ = {isa = PBXFileReference; explicitFileType = wrapper.application; includeInIndex = 0; path = UXMaterial.app; sourceTree = BUILT_PRODUCTS_DIR; };
		2EF7B6791A8442BB00011200 /* Info.plist */ = {isa = PBXFileReference; lastKnownFileType = text.plist.xml; path = Info.plist; sourceTree = "<group>"; };
		2EF7B67A1A8442BB00011200 /* AppDelegate.h */ = {isa = PBXFileReference; lastKnownFileType = sourcecode.c.h; path = AppDelegate.h; sourceTree = "<group>"; };
		2EF7B67B1A8442BB00011200 /* AppDelegate.m */ = {isa = PBXFileReference; lastKnownFileType = sourcecode.c.objc; path = AppDelegate.m; sourceTree = "<group>"; };
		2EF7B67D1A8442BB00011200 /* main.m */ = {isa = PBXFileReference; lastKnownFileType = sourcecode.c.objc; path = main.m; sourceTree = "<group>"; };
		2EF7B67F1A8442BB00011200 /* Images.xcassets */ = {isa = PBXFileReference; lastKnownFileType = folder.assetcatalog; path = Images.xcassets; sourceTree = "<group>"; };
		2EF7B6821A8442BB00011200 /* Base */ = {isa = PBXFileReference; lastKnownFileType = file.xib; name = Base; path = Base.lproj/MainMenu.xib; sourceTree = "<group>"; };
		317CAB58BB3E252757AEB93A /* Pods-UXMaterial.debug.xcconfig */ = {isa = PBXFileReference; includeInIndex = 1; lastKnownFileType = text.xcconfig; name = "Pods-UXMaterial.debug.xcconfig"; path = "Pods/Target Support Files/Pods-UXMaterial/Pods-UXMaterial.debug.xcconfig"; sourceTree = "<group>"; };
		3BDC4050A91DDFAB3B682998 /* Pods-UXMaterial.release.xcconfig */ = {isa = PBXFileReference; includeInIndex = 1; lastKnownFileType = text.xcconfig; name = "Pods-UXMaterial.release.xcconfig"; path = "Pods/Target Support Files/Pods-UXMaterial/Pods-UXMaterial.release.xcconfig"; sourceTree = "<group>"; };
		42A5FB1EEFC6EA8081CBB0A8 /* libPods-UXMaterial.a */ = {isa = PBXFileReference; explicitFileType = archive.ar; includeInIndex = 0; path = "libPods-UXMaterial.a"; sourceTree = BUILT_PRODUCTS_DIR; };
/* End PBXFileReference section */

/* Begin PBXFrameworksBuildPhase section */
		2EF7B6721A8442BB00011200 /* Frameworks */ = {
			isa = PBXFrameworksBuildPhase;
			buildActionMask = 2147483647;
			files = (
				D706C730CF8608585DFD3303 /* libPods-UXMaterial.a in Frameworks */,
				2503CAF11BC2631C001B167B /* UXKit.framework in Frameworks */,
				2503CAF21BC26886001B167B /* UXKit.framework in Frameworks */,
			);
			runOnlyForDeploymentPostprocessing = 0;
		};
/* End PBXFrameworksBuildPhase section */

/* Begin PBXGroup section */
		2533A7B91BC1D72E0068A927 /* Reusable */ = {
			isa = PBXGroup;
			children = (
				2533A7BA1BC1D7410068A927 /* NSFont+FromData.h */,
				2533A7BB1BC1D7410068A927 /* NSFont+FromData.m */,
				2533A7BE1BC1DA290068A927 /* NSTextField+Antialiasing.h */,
				2533A7BF1BC1DA290068A927 /* NSTextField+Antialiasing.m */,
			);
			name = Reusable;
			sourceTree = "<group>";
		};
		2EF7B66C1A8442BB00011200 = {
			isa = PBXGroup;
			children = (
				2EF7B6771A8442BB00011200 /* UXMaterial */,
				D30C72BAAF2FE5E2132AF81D /* Frameworks */,
				EC60055F4FC5A50E3908A303 /* Pods */,
				2EF7B6761A8442BB00011200 /* Products */,
			);
			sourceTree = "<group>";
		};
		2EF7B6761A8442BB00011200 /* Products */ = {
			isa = PBXGroup;
			children = (
				2EF7B6751A8442BB00011200 /* UXMaterial.app */,
			);
			name = Products;
			sourceTree = "<group>";
		};
		2EF7B6771A8442BB00011200 /* UXMaterial */ = {
			isa = PBXGroup;
			children = (
				2533A7B91BC1D72E0068A927 /* Reusable */,
				2EF7B67A1A8442BB00011200 /* AppDelegate.h */,
				2EF7B67B1A8442BB00011200 /* AppDelegate.m */,
				2533A7B11BC1D2050068A927 /* StickyHeaderFlowLayout.h */,
				2533A7B21BC1D2050068A927 /* StickyHeaderFlowLayout.m */,
				2EF7B67F1A8442BB00011200 /* Images.xcassets */,
				2EF7B6811A8442BB00011200 /* MainMenu.xib */,
				2EF7B6781A8442BB00011200 /* Supporting Files */,
				2EA6BEF21A8445E300C4C122 /* ABMainViewController.h */,
				2EA6BEF31A8445E300C4C122 /* ABMainViewController.m */,
				256ED3EB1BC309AF004A793B /* ABFloatingTabs.h */,
				256ED3EC1BC309AF004A793B /* ABFloatingTabs.m */,
				2533A7C11BC1DBE90068A927 /* IconTitleCell.h */,
				2533A7C21BC1DBE90068A927 /* IconTitleCell.m */,
				2533A7C41BC1DC3F0068A927 /* TitleHeader.h */,
				2533A7C51BC1DC3F0068A927 /* TitleHeader.m */,
			);
			path = UXMaterial;
			sourceTree = "<group>";
		};
		2EF7B6781A8442BB00011200 /* Supporting Files */ = {
			isa = PBXGroup;
			children = (
				2EF7B6791A8442BB00011200 /* Info.plist */,
				2EF7B67D1A8442BB00011200 /* main.m */,
				2EA6BEF11A84454900C4C122 /* Sample-Shared.pch */,
			);
			name = "Supporting Files";
			sourceTree = "<group>";
		};
		D30C72BAAF2FE5E2132AF81D /* Frameworks */ = {
			isa = PBXGroup;
			children = (
				2503CAF01BC2631C001B167B /* UXKit.framework */,
				42A5FB1EEFC6EA8081CBB0A8 /* libPods-UXMaterial.a */,
			);
			name = Frameworks;
			sourceTree = "<group>";
		};
		EC60055F4FC5A50E3908A303 /* Pods */ = {
			isa = PBXGroup;
			children = (
				317CAB58BB3E252757AEB93A /* Pods-UXMaterial.debug.xcconfig */,
				3BDC4050A91DDFAB3B682998 /* Pods-UXMaterial.release.xcconfig */,
			);
			name = Pods;
			sourceTree = "<group>";
		};
/* End PBXGroup section */

/* Begin PBXNativeTarget section */
		2EF7B6741A8442BB00011200 /* UXMaterial */ = {
			isa = PBXNativeTarget;
			buildConfigurationList = 2EF7B6921A8442BB00011200 /* Build configuration list for PBXNativeTarget "UXMaterial" */;
			buildPhases = (
				3A423CD485496D8BD1FA2991 /* Check Pods Manifest.lock */,
				2EF7B6711A8442BB00011200 /* Sources */,
				2EF7B6721A8442BB00011200 /* Frameworks */,
				2EF7B6731A8442BB00011200 /* Resources */,
				40B5CD6A1A850442000B4448 /* CopyFiles */,
				2533A7BD1BC1D8AF0068A927 /* Run Script Build Number Increment */,
				9FBD3841C9207C5433249500 /* Copy Pods Resources */,
			);
			buildRules = (
			);
			dependencies = (
			);
			name = UXMaterial;
			productName = UXMaterial;
			productReference = 2EF7B6751A8442BB00011200 /* UXMaterial.app */;
			productType = "com.apple.product-type.application";
		};
/* End PBXNativeTarget section */

/* Begin PBXProject section */
		2EF7B66D1A8442BB00011200 /* Project object */ = {
			isa = PBXProject;
			attributes = {
				CLASSPREFIX = AB;
				LastUpgradeCheck = 0710;
				ORGANIZATIONNAME = "@k06a";
				TargetAttributes = {
					2EF7B6741A8442BB00011200 = {
						CreatedOnToolsVersion = 6.2;
					};
				};
			};
			buildConfigurationList = 2EF7B6701A8442BB00011200 /* Build configuration list for PBXProject "UXMaterial" */;
			compatibilityVersion = "Xcode 3.2";
			developmentRegion = English;
			hasScannedForEncodings = 0;
			knownRegions = (
				en,
				Base,
			);
			mainGroup = 2EF7B66C1A8442BB00011200;
			productRefGroup = 2EF7B6761A8442BB00011200 /* Products */;
			projectDirPath = "";
			projectRoot = "";
			targets = (
				2EF7B6741A8442BB00011200 /* UXMaterial */,
			);
		};
/* End PBXProject section */

/* Begin PBXResourcesBuildPhase section */
		2EF7B6731A8442BB00011200 /* Resources */ = {
			isa = PBXResourcesBuildPhase;
			buildActionMask = 2147483647;
			files = (
				2EF7B6801A8442BB00011200 /* Images.xcassets in Resources */,
				2EF7B6831A8442BB00011200 /* MainMenu.xib in Resources */,
			);
			runOnlyForDeploymentPostprocessing = 0;
		};
/* End PBXResourcesBuildPhase section */

/* Begin PBXShellScriptBuildPhase section */
		2533A7BD1BC1D8AF0068A927 /* Run Script Build Number Increment */ = {
			isa = PBXShellScriptBuildPhase;
			buildActionMask = 2147483647;
			files = (
			);
			inputPaths = (
			);
			name = "Run Script Build Number Increment";
			outputPaths = (
			);
			runOnlyForDeploymentPostprocessing = 0;
			shellPath = /bin/sh;
			shellScript = "#!/bin/bash\nbuildNumber=$(/usr/libexec/PlistBuddy -c \"Print CFBundleVersion\" \"$INFOPLIST_FILE\")\nbuildNumber=$(($buildNumber + 1))\n/usr/libexec/PlistBuddy -c \"Set :CFBundleVersion $buildNumber\" \"$INFOPLIST_FILE\"";
		};
		3A423CD485496D8BD1FA2991 /* Check Pods Manifest.lock */ = {
			isa = PBXShellScriptBuildPhase;
			buildActionMask = 2147483647;
			files = (
			);
			inputPaths = (
			);
			name = "Check Pods Manifest.lock";
			outputPaths = (
			);
			runOnlyForDeploymentPostprocessing = 0;
			shellPath = /bin/sh;
			shellScript = "diff \"${PODS_ROOT}/../Podfile.lock\" \"${PODS_ROOT}/Manifest.lock\" > /dev/null\nif [[ $? != 0 ]] ; then\n    cat << EOM\nerror: The sandbox is not in sync with the Podfile.lock. Run 'pod install' or update your CocoaPods installation.\nEOM\n    exit 1\nfi\n";
			showEnvVarsInLog = 0;
		};
		9FBD3841C9207C5433249500 /* Copy Pods Resources */ = {
			isa = PBXShellScriptBuildPhase;
			buildActionMask = 2147483647;
			files = (
			);
			inputPaths = (
			);
			name = "Copy Pods Resources";
			outputPaths = (
			);
			runOnlyForDeploymentPostprocessing = 0;
			shellPath = /bin/sh;
			shellScript = "\"${SRCROOT}/Pods/Target Support Files/Pods-UXMaterial/Pods-UXMaterial-resources.sh\"\n";
			showEnvVarsInLog = 0;
		};
/* End PBXShellScriptBuildPhase section */

/* Begin PBXSourcesBuildPhase section */
		2EF7B6711A8442BB00011200 /* Sources */ = {
			isa = PBXSourcesBuildPhase;
			buildActionMask = 2147483647;
			files = (
				2EA6BEF51A8445E300C4C122 /* ABMainViewController.m in Sources */,
				2533A7B31BC1D2050068A927 /* StickyHeaderFlowLayout.m in Sources */,
				2533A7C31BC1DBE90068A927 /* IconTitleCell.m in Sources */,
				2533A7C61BC1DC3F0068A927 /* TitleHeader.m in Sources */,
				2533A7C01BC1DA290068A927 /* NSTextField+Antialiasing.m in Sources */,
				2EF7B67E1A8442BB00011200 /* main.m in Sources */,
				2533A7BC1BC1D7410068A927 /* NSFont+FromData.m in Sources */,
				2EF7B67C1A8442BB00011200 /* AppDelegate.m in Sources */,
				256ED3ED1BC309AF004A793B /* ABFloatingTabs.m in Sources */,
			);
			runOnlyForDeploymentPostprocessing = 0;
		};
/* End PBXSourcesBuildPhase section */

/* Begin PBXVariantGroup section */
		2EF7B6811A8442BB00011200 /* MainMenu.xib */ = {
			isa = PBXVariantGroup;
			children = (
				2EF7B6821A8442BB00011200 /* Base */,
			);
			name = MainMenu.xib;
			sourceTree = "<group>";
		};
/* End PBXVariantGroup section */

/* Begin XCBuildConfiguration section */
		2EF7B6901A8442BB00011200 /* Debug */ = {
			isa = XCBuildConfiguration;
			buildSettings = {
				ALWAYS_SEARCH_USER_PATHS = NO;
				CLANG_CXX_LANGUAGE_STANDARD = "gnu++0x";
				CLANG_CXX_LIBRARY = "libc++";
				CLANG_ENABLE_MODULES = YES;
				CLANG_ENABLE_OBJC_ARC = YES;
				CLANG_WARN_BOOL_CONVERSION = YES;
				CLANG_WARN_CONSTANT_CONVERSION = YES;
				CLANG_WARN_DIRECT_OBJC_ISA_USAGE = YES_ERROR;
				CLANG_WARN_EMPTY_BODY = YES;
				CLANG_WARN_ENUM_CONVERSION = YES;
				CLANG_WARN_INT_CONVERSION = YES;
				CLANG_WARN_OBJC_ROOT_CLASS = YES_ERROR;
				CLANG_WARN_UNREACHABLE_CODE = YES;
				CLANG_WARN__DUPLICATE_METHOD_MATCH = YES;
				CODE_SIGN_IDENTITY = "-";
				COPY_PHASE_STRIP = NO;
				ENABLE_STRICT_OBJC_MSGSEND = YES;
				ENABLE_TESTABILITY = YES;
				GCC_C_LANGUAGE_STANDARD = gnu99;
				GCC_DYNAMIC_NO_PIC = NO;
				GCC_OPTIMIZATION_LEVEL = 0;
				GCC_PREPROCESSOR_DEFINITIONS = (
					"DEBUG=1",
					"$(inherited)",
				);
				GCC_SYMBOLS_PRIVATE_EXTERN = NO;
				GCC_WARN_64_TO_32_BIT_CONVERSION = YES;
				GCC_WARN_ABOUT_RETURN_TYPE = YES_ERROR;
				GCC_WARN_UNDECLARED_SELECTOR = YES;
				GCC_WARN_UNINITIALIZED_AUTOS = YES_AGGRESSIVE;
				GCC_WARN_UNUSED_FUNCTION = YES;
				GCC_WARN_UNUSED_VARIABLE = YES;
				MACOSX_DEPLOYMENT_TARGET = 10.9;
				MTL_ENABLE_DEBUG_INFO = YES;
				ONLY_ACTIVE_ARCH = YES;
				SDKROOT = macosx;
			};
			name = Debug;
		};
		2EF7B6911A8442BB00011200 /* Release */ = {
			isa = XCBuildConfiguration;
			buildSettings = {
				ALWAYS_SEARCH_USER_PATHS = NO;
				CLANG_CXX_LANGUAGE_STANDARD = "gnu++0x";
				CLANG_CXX_LIBRARY = "libc++";
				CLANG_ENABLE_MODULES = YES;
				CLANG_ENABLE_OBJC_ARC = YES;
				CLANG_WARN_BOOL_CONVERSION = YES;
				CLANG_WARN_CONSTANT_CONVERSION = YES;
				CLANG_WARN_DIRECT_OBJC_ISA_USAGE = YES_ERROR;
				CLANG_WARN_EMPTY_BODY = YES;
				CLANG_WARN_ENUM_CONVERSION = YES;
				CLANG_WARN_INT_CONVERSION = YES;
				CLANG_WARN_OBJC_ROOT_CLASS = YES_ERROR;
				CLANG_WARN_UNREACHABLE_CODE = YES;
				CLANG_WARN__DUPLICATE_METHOD_MATCH = YES;
				CODE_SIGN_IDENTITY = "-";
				COPY_PHASE_STRIP = YES;
				DEBUG_INFORMATION_FORMAT = "dwarf-with-dsym";
				ENABLE_NS_ASSERTIONS = NO;
				ENABLE_STRICT_OBJC_MSGSEND = YES;
				GCC_C_LANGUAGE_STANDARD = gnu99;
				GCC_WARN_64_TO_32_BIT_CONVERSION = YES;
				GCC_WARN_ABOUT_RETURN_TYPE = YES_ERROR;
				GCC_WARN_UNDECLARED_SELECTOR = YES;
				GCC_WARN_UNINITIALIZED_AUTOS = YES_AGGRESSIVE;
				GCC_WARN_UNUSED_FUNCTION = YES;
				GCC_WARN_UNUSED_VARIABLE = YES;
				MACOSX_DEPLOYMENT_TARGET = 10.9;
				MTL_ENABLE_DEBUG_INFO = NO;
				SDKROOT = macosx;
			};
			name = Release;
		};
		2EF7B6931A8442BB00011200 /* Debug */ = {
			isa = XCBuildConfiguration;
			baseConfigurationReference = 317CAB58BB3E252757AEB93A /* Pods-UXMaterial.debug.xcconfig */;
			buildSettings = {
				ASSETCATALOG_COMPILER_APPICON_NAME = AppIcon;
				CODE_SIGN_IDENTITY = "";
				COMBINE_HIDPI_IMAGES = YES;
				FRAMEWORK_SEARCH_PATHS = (
					"$(inherited)",
					"$(PROJECT_DIR)",
				);
				GCC_PREFIX_HEADER = "UXMaterial/Sample-Shared.pch";
				INFOPLIST_FILE = UXMaterial/Info.plist;
				LD_RUNPATH_SEARCH_PATHS = "$(inherited) @executable_path/.. @executable_path/../Frameworks";
				MACOSX_DEPLOYMENT_TARGET = 10.9;
				PRODUCT_BUNDLE_IDENTIFIER = com.codeless.UXMaterial;
				PRODUCT_NAME = UXMaterial;
			};
			name = Debug;
		};
		2EF7B6941A8442BB00011200 /* Release */ = {
			isa = XCBuildConfiguration;
			baseConfigurationReference = 3BDC4050A91DDFAB3B682998 /* Pods-UXMaterial.release.xcconfig */;
			buildSettings = {
				ASSETCATALOG_COMPILER_APPICON_NAME = AppIcon;
				CODE_SIGN_IDENTITY = "";
				COMBINE_HIDPI_IMAGES = YES;
				FRAMEWORK_SEARCH_PATHS = (
					"$(inherited)",
					"$(PROJECT_DIR)",
				);
				GCC_PREFIX_HEADER = "UXMaterial/Sample-Shared.pch";
				INFOPLIST_FILE = UXMaterial/Info.plist;
				LD_RUNPATH_SEARCH_PATHS = "$(inherited) @executable_path/.. @executable_path/../Frameworks";
				MACOSX_DEPLOYMENT_TARGET = 10.9;
				PRODUCT_BUNDLE_IDENTIFIER = com.codeless.UXMaterial;
				PRODUCT_NAME = UXMaterial;
			};
			name = Release;
		};
/* End XCBuildConfiguration section */

/* Begin XCConfigurationList section */
		2EF7B6701A8442BB00011200 /* Build configuration list for PBXProject "UXMaterial" */ = {
			isa = XCConfigurationList;
			buildConfigurations = (
				2EF7B6901A8442BB00011200 /* Debug */,
				2EF7B6911A8442BB00011200 /* Release */,
			);
			defaultConfigurationIsVisible = 0;
			defaultConfigurationName = Release;
		};
		2EF7B6921A8442BB00011200 /* Build configuration list for PBXNativeTarget "UXMaterial" */ = {
			isa = XCConfigurationList;
			buildConfigurations = (
				2EF7B6931A8442BB00011200 /* Debug */,
				2EF7B6941A8442BB00011200 /* Release */,
			);
			defaultConfigurationIsVisible = 0;
			defaultConfigurationName = Release;
		};
/* End XCConfigurationList section */
	};
	rootObject = 2EF7B66D1A8442BB00011200 /* Project object */;
}
